{
    "_meta": {
        "hash": {
            "sha256": "370a669c03b56c9e201426eb95d3fa5133900baa9c421d53cfb7c504b8584d79"
        },
        "pipfile-spec": 6,
        "requires": {
            "python_version": "3.6"
        },
        "sources": [
            {
                "name": "tsinghua",
                "url": "https://pypi.tuna.tsinghua.edu.cn/simple",
                "verify_ssl": true
            }
        ]
    },
    "default": {},
    "develop": {}
}
